
Microsoft Visual Studio Solution File, Format Version 12.00
# Visual Studio 2012
Project("{FAE04EC0-301F-11D3-BF4B-00C04F79EFBC}") = "Cedar.WebPortal.Domain", "Cedar.WebPortal.Domain\Cedar.WebPortal.Domain.csproj", "{48F672E8-4513-4F7E-A296-C0CCC87F9AA1}"
EndProject
Project("{FAE04EC0-301F-11D3-BF4B-00C04F79EFBC}") = "Cedar.WebPortal.Service", "Cedar.WebPortal.Service\Cedar.WebPortal.Service.csproj", "{BA69BB65-147A-42D8-A6F5-5D1E57E2D783}"
EndProject
Project("{2150E333-8FDC-42A3-9474-1A3956D46DE8}") = "Solution Items", "Solution Items", "{6B0D4543-35B6-4316-A142-4415496A8955}"
EndProject
Project("{FAE04EC0-301F-11D3-BF4B-00C04F79EFBC}") = "Cedar.WebPortal.Common", "Cedar.WebPortal.Common\Cedar.WebPortal.Common.csproj", "{CBCF7EA1-DE0B-4175-818A-6B1D9A3681A1}"
EndProject
Project("{FAE04EC0-301F-11D3-BF4B-00C04F79EFBC}") = "Cedar.WebPortal.Service.Common", "Cedar.WebPortal.Service.Common\Cedar.WebPortal.Service.Common.csproj", "{20D0EC67-EC87-4083-86DE-686E9A655218}"
EndProject
Project("{FAE04EC0-301F-11D3-BF4B-00C04F79EFBC}") = "Cedar.WebPortal.Logging", "Cedar.WebPortal.Logging\Cedar.WebPortal.Logging.csproj", "{1F6E3645-D3C6-450B-B0E7-BD85E1C16E54}"
EndProject
Project("{FAE04EC0-301F-11D3-BF4B-00C04F79EFBC}") = "Cedar.WebPortal.Configuration", "Cedar.WebPortal.Configuration\Cedar.WebPortal.Configuration.csproj", "{07C13785-81F7-41B0-A05F-64081B88520F}"
EndProject
Project("{FAE04EC0-301F-11D3-BF4B-00C04F79EFBC}") = "Cedar.WebPortal.Data.Common", "Cedar.WebPortal.Data.Common\Cedar.WebPortal.Data.Common.csproj", "{932F153B-7886-4508-8682-8BDC0469B932}"
EndProject
Project("{FAE04EC0-301F-11D3-BF4B-00C04F79EFBC}") = "Cedar.WebPortal.Data.Test", "Cedar.WebPortal.Data.Test\Cedar.WebPortal.Data.Test.csproj", "{F567E560-2B66-4A08-81F6-B7736BBA2E8B}"
EndProject
Project("{FAE04EC0-301F-11D3-BF4B-00C04F79EFBC}") = "Cedar.WebPortal.Data", "Cedar.WebPortal.Data.NH\Cedar.WebPortal.Data.csproj", "{94CC7EE8-B459-44A3-912B-DD8B2C3030D0}"
EndProject
Project("{2150E333-8FDC-42A3-9474-1A3956D46DE8}") = "scripts", "scripts", "{1E78FE05-BEA4-491A-AD24-A3A7E3839049}"
EndProject
Project("{FAE04EC0-301F-11D3-BF4B-00C04F79EFBC}") = "Cedar.WebPortal.Integration.Test", "Cedar.WebPortal.Integration.Test\Cedar.WebPortal.Integration.Test.csproj", "{5E3252FF-ED40-4D15-B4FD-F3F9C14E4A39}"
EndProject
Project("{FAE04EC0-301F-11D3-BF4B-00C04F79EFBC}") = "Cedar.WebPortal.Service.Test", "Cedar.WebPortal.Service.Test\Cedar.WebPortal.Service.Test.csproj", "{A36D5007-5ECB-4C29-8B9B-C894D74E8850}"
EndProject
Project("{2150E333-8FDC-42A3-9474-1A3956D46DE8}") = "Sql Server", "Sql Server", "{C4AF94D2-E5F5-4BE6-9D63-E2B017AAB94F}"
	ProjectSection(SolutionItems) = preProject
		SqlServer\Attachment.sql = SqlServer\Attachment.sql
		SqlServer\AttachmentToGallery.sql = SqlServer\AttachmentToGallery.sql
		SqlServer\Company.sql = SqlServer\Company.sql
		SqlServer\Database.sql = SqlServer\Database.sql
		SqlServer\Gallery.sql = SqlServer\Gallery.sql
		SqlServer\InstallCommon.sql = SqlServer\InstallCommon.sql
		SqlServer\InstallMembership.sql = SqlServer\InstallMembership.sql
		Cedar\Scripts\Pre-Deployment\InstallProfile.SQL = Cedar\Scripts\Pre-Deployment\InstallProfile.SQL
		SqlServer\InstallRoles.sql = SqlServer\InstallRoles.sql
		SqlServer\Location.sql = SqlServer\Location.sql
		SqlServer\News.sql = SqlServer\News.sql
		SqlServer\ProspectAndNumber.sql = SqlServer\ProspectAndNumber.sql
		SqlServer\Roles.sql = SqlServer\Roles.sql
		TemplateTenderEmail.htm = TemplateTenderEmail.htm
		SqlServer\Tender.sql = SqlServer\Tender.sql
		SqlServer\Ticket.sql = SqlServer\Ticket.sql
		SqlServer\users.sql = SqlServer\users.sql
	EndProjectSection
EndProject
Project("{2150E333-8FDC-42A3-9474-1A3956D46DE8}") = "Sqlite", "Sqlite", "{70E3F456-7581-427B-9801-B2B313DC21C6}"
	ProjectSection(SolutionItems) = preProject
		sqlitedb\Attachment.sql = sqlitedb\Attachment.sql
		sqlitedb\Location.sql = sqlitedb\Location.sql
		sqlitedb\News.sql = sqlitedb\News.sql
		sqlitedb\Roles.sql = sqlitedb\Roles.sql
		sqlitedb\users.sql = sqlitedb\users.sql
		sqlitedb\usersCreateTable.sql = sqlitedb\usersCreateTable.sql
		sqlitedb\UsersInRoles.sql = sqlitedb\UsersInRoles.sql
		sqlitedb\UsersInRolesCreateTable.sql = sqlitedb\UsersInRolesCreateTable.sql
	EndProjectSection
EndProject
Project("{FAE04EC0-301F-11D3-BF4B-00C04F79EFBC}") = "Cedar.WebPortal.WebMVC4", "Cedar.WebPortal.WebMVC4\Cedar.WebPortal.WebMVC4.csproj", "{BF5F18ED-A454-47AF-B3F5-CCCF44BA57A0}"
EndProject
Project("{2150E333-8FDC-42A3-9474-1A3956D46DE8}") = ".nuget", ".nuget", "{6C155920-B88E-4BEC-8E39-0B16D10DFE2D}"
	ProjectSection(SolutionItems) = preProject
		.nuget\NuGet.Config = .nuget\NuGet.Config
		.nuget\NuGet.exe = .nuget\NuGet.exe
		.nuget\NuGet.targets = .nuget\NuGet.targets
	EndProjectSection
EndProject
Global
	GlobalSection(TestCaseManagementSettings) = postSolution
		CategoryFile = Cedar.WebPortal.vsmdi
	EndGlobalSection
	GlobalSection(SolutionConfigurationPlatforms) = preSolution
		Debug|Any CPU = Debug|Any CPU
		Debug|x86 = Debug|x86
		Development|Any CPU = Development|Any CPU
		Development|x86 = Development|x86
		Release|Any CPU = Release|Any CPU
		Release|x86 = Release|x86
	EndGlobalSection
	GlobalSection(ProjectConfigurationPlatforms) = postSolution
		{48F672E8-4513-4F7E-A296-C0CCC87F9AA1}.Debug|Any CPU.ActiveCfg = Debug|Any CPU
		{48F672E8-4513-4F7E-A296-C0CCC87F9AA1}.Debug|Any CPU.Build.0 = Debug|Any CPU
		{48F672E8-4513-4F7E-A296-C0CCC87F9AA1}.Debug|x86.ActiveCfg = Debug|x86
		{48F672E8-4513-4F7E-A296-C0CCC87F9AA1}.Debug|x86.Build.0 = Debug|x86
		{48F672E8-4513-4F7E-A296-C0CCC87F9AA1}.Development|Any CPU.ActiveCfg = Development|Any CPU
		{48F672E8-4513-4F7E-A296-C0CCC87F9AA1}.Development|Any CPU.Build.0 = Development|Any CPU
		{48F672E8-4513-4F7E-A296-C0CCC87F9AA1}.Development|x86.ActiveCfg = Development|x86
		{48F672E8-4513-4F7E-A296-C0CCC87F9AA1}.Development|x86.Build.0 = Development|x86
		{48F672E8-4513-4F7E-A296-C0CCC87F9AA1}.Release|Any CPU.ActiveCfg = Release|Any CPU
		{48F672E8-4513-4F7E-A296-C0CCC87F9AA1}.Release|Any CPU.Build.0 = Release|Any CPU
		{48F672E8-4513-4F7E-A296-C0CCC87F9AA1}.Release|x86.ActiveCfg = Release|x86
		{48F672E8-4513-4F7E-A296-C0CCC87F9AA1}.Release|x86.Build.0 = Release|x86
		{BA69BB65-147A-42D8-A6F5-5D1E57E2D783}.Debug|Any CPU.ActiveCfg = Debug|Any CPU
		{BA69BB65-147A-42D8-A6F5-5D1E57E2D783}.Debug|Any CPU.Build.0 = Debug|Any CPU
		{BA69BB65-147A-42D8-A6F5-5D1E57E2D783}.Debug|x86.ActiveCfg = Debug|x86
		{BA69BB65-147A-42D8-A6F5-5D1E57E2D783}.Debug|x86.Build.0 = Debug|x86
		{BA69BB65-147A-42D8-A6F5-5D1E57E2D783}.Development|Any CPU.ActiveCfg = Development|Any CPU
		{BA69BB65-147A-42D8-A6F5-5D1E57E2D783}.Development|Any CPU.Build.0 = Development|Any CPU
		{BA69BB65-147A-42D8-A6F5-5D1E57E2D783}.Development|x86.ActiveCfg = Development|x86
		{BA69BB65-147A-42D8-A6F5-5D1E57E2D783}.Development|x86.Build.0 = Development|x86
		{BA69BB65-147A-42D8-A6F5-5D1E57E2D783}.Release|Any CPU.ActiveCfg = Release|Any CPU
		{BA69BB65-147A-42D8-A6F5-5D1E57E2D783}.Release|Any CPU.Build.0 = Release|Any CPU
		{BA69BB65-147A-42D8-A6F5-5D1E57E2D783}.Release|x86.ActiveCfg = Release|x86
		{BA69BB65-147A-42D8-A6F5-5D1E57E2D783}.Release|x86.Build.0 = Release|x86
		{CBCF7EA1-DE0B-4175-818A-6B1D9A3681A1}.Debug|Any CPU.ActiveCfg = Debug|Any CPU
		{CBCF7EA1-DE0B-4175-818A-6B1D9A3681A1}.Debug|Any CPU.Build.0 = Debug|Any CPU
		{CBCF7EA1-DE0B-4175-818A-6B1D9A3681A1}.Debug|x86.ActiveCfg = Debug|Any CPU
		{CBCF7EA1-DE0B-4175-818A-6B1D9A3681A1}.Development|Any CPU.ActiveCfg = Development|Any CPU
		{CBCF7EA1-DE0B-4175-818A-6B1D9A3681A1}.Development|Any CPU.Build.0 = Development|Any CPU
		{CBCF7EA1-DE0B-4175-818A-6B1D9A3681A1}.Development|x86.ActiveCfg = Development|Any CPU
		{CBCF7EA1-DE0B-4175-818A-6B1D9A3681A1}.Release|Any CPU.ActiveCfg = Release|Any CPU
		{CBCF7EA1-DE0B-4175-818A-6B1D9A3681A1}.Release|Any CPU.Build.0 = Release|Any CPU
		{CBCF7EA1-DE0B-4175-818A-6B1D9A3681A1}.Release|x86.ActiveCfg = Release|Any CPU
		{20D0EC67-EC87-4083-86DE-686E9A655218}.Debug|Any CPU.ActiveCfg = Debug|Any CPU
		{20D0EC67-EC87-4083-86DE-686E9A655218}.Debug|Any CPU.Build.0 = Debug|Any CPU
		{20D0EC67-EC87-4083-86DE-686E9A655218}.Debug|x86.ActiveCfg = Debug|x86
		{20D0EC67-EC87-4083-86DE-686E9A655218}.Debug|x86.Build.0 = Debug|x86
		{20D0EC67-EC87-4083-86DE-686E9A655218}.Development|Any CPU.ActiveCfg = Development|Any CPU
		{20D0EC67-EC87-4083-86DE-686E9A655218}.Development|Any CPU.Build.0 = Development|Any CPU
		{20D0EC67-EC87-4083-86DE-686E9A655218}.Development|x86.ActiveCfg = Development|x86
		{20D0EC67-EC87-4083-86DE-686E9A655218}.Development|x86.Build.0 = Development|x86
		{20D0EC67-EC87-4083-86DE-686E9A655218}.Release|Any CPU.ActiveCfg = Release|Any CPU
		{20D0EC67-EC87-4083-86DE-686E9A655218}.Release|Any CPU.Build.0 = Release|Any CPU
		{20D0EC67-EC87-4083-86DE-686E9A655218}.Release|x86.ActiveCfg = Release|x86
		{20D0EC67-EC87-4083-86DE-686E9A655218}.Release|x86.Build.0 = Release|x86
		{1F6E3645-D3C6-450B-B0E7-BD85E1C16E54}.Debug|Any CPU.ActiveCfg = Debug|Any CPU
		{1F6E3645-D3C6-450B-B0E7-BD85E1C16E54}.Debug|Any CPU.Build.0 = Debug|Any CPU
		{1F6E3645-D3C6-450B-B0E7-BD85E1C16E54}.Debug|x86.ActiveCfg = Debug|x86
		{1F6E3645-D3C6-450B-B0E7-BD85E1C16E54}.Debug|x86.Build.0 = Debug|x86
		{1F6E3645-D3C6-450B-B0E7-BD85E1C16E54}.Development|Any CPU.ActiveCfg = Development|Any CPU
		{1F6E3645-D3C6-450B-B0E7-BD85E1C16E54}.Development|Any CPU.Build.0 = Development|Any CPU
		{1F6E3645-D3C6-450B-B0E7-BD85E1C16E54}.Development|x86.ActiveCfg = Development|x86
		{1F6E3645-D3C6-450B-B0E7-BD85E1C16E54}.Development|x86.Build.0 = Development|x86
		{1F6E3645-D3C6-450B-B0E7-BD85E1C16E54}.Release|Any CPU.ActiveCfg = Release|Any CPU
		{1F6E3645-D3C6-450B-B0E7-BD85E1C16E54}.Release|Any CPU.Build.0 = Release|Any CPU
		{1F6E3645-D3C6-450B-B0E7-BD85E1C16E54}.Release|x86.ActiveCfg = Release|x86
		{1F6E3645-D3C6-450B-B0E7-BD85E1C16E54}.Release|x86.Build.0 = Release|x86
		{07C13785-81F7-41B0-A05F-64081B88520F}.Debug|Any CPU.ActiveCfg = Debug|Any CPU
		{07C13785-81F7-41B0-A05F-64081B88520F}.Debug|Any CPU.Build.0 = Debug|Any CPU
		{07C13785-81F7-41B0-A05F-64081B88520F}.Debug|x86.ActiveCfg = Debug|x86
		{07C13785-81F7-41B0-A05F-64081B88520F}.Debug|x86.Build.0 = Debug|x86
		{07C13785-81F7-41B0-A05F-64081B88520F}.Development|Any CPU.ActiveCfg = Development|Any CPU
		{07C13785-81F7-41B0-A05F-64081B88520F}.Development|Any CPU.Build.0 = Development|Any CPU
		{07C13785-81F7-41B0-A05F-64081B88520F}.Development|x86.ActiveCfg = Development|x86
		{07C13785-81F7-41B0-A05F-64081B88520F}.Development|x86.Build.0 = Development|x86
		{07C13785-81F7-41B0-A05F-64081B88520F}.Release|Any CPU.ActiveCfg = Release|Any CPU
		{07C13785-81F7-41B0-A05F-64081B88520F}.Release|Any CPU.Build.0 = Release|Any CPU
		{07C13785-81F7-41B0-A05F-64081B88520F}.Release|x86.ActiveCfg = Release|x86
		{07C13785-81F7-41B0-A05F-64081B88520F}.Release|x86.Build.0 = Release|x86
		{932F153B-7886-4508-8682-8BDC0469B932}.Debug|Any CPU.ActiveCfg = Debug|Any CPU
		{932F153B-7886-4508-8682-8BDC0469B932}.Debug|Any CPU.Build.0 = Debug|Any CPU
		{932F153B-7886-4508-8682-8BDC0469B932}.Debug|x86.ActiveCfg = Debug|Any CPU
		{932F153B-7886-4508-8682-8BDC0469B932}.Development|Any CPU.ActiveCfg = Development|Any CPU
		{932F153B-7886-4508-8682-8BDC0469B932}.Development|Any CPU.Build.0 = Development|Any CPU
		{932F153B-7886-4508-8682-8BDC0469B932}.Development|x86.ActiveCfg = Development|Any CPU
		{932F153B-7886-4508-8682-8BDC0469B932}.Release|Any CPU.ActiveCfg = Release|Any CPU
		{932F153B-7886-4508-8682-8BDC0469B932}.Release|Any CPU.Build.0 = Release|Any CPU
		{932F153B-7886-4508-8682-8BDC0469B932}.Release|x86.ActiveCfg = Release|Any CPU
		{F567E560-2B66-4A08-81F6-B7736BBA2E8B}.Debug|Any CPU.ActiveCfg = Debug|Any CPU
		{F567E560-2B66-4A08-81F6-B7736BBA2E8B}.Debug|Any CPU.Build.0 = Debug|Any CPU
		{F567E560-2B66-4A08-81F6-B7736BBA2E8B}.Debug|x86.ActiveCfg = Debug|x86
		{F567E560-2B66-4A08-81F6-B7736BBA2E8B}.Debug|x86.Build.0 = Debug|x86
		{F567E560-2B66-4A08-81F6-B7736BBA2E8B}.Development|Any CPU.ActiveCfg = Development|Any CPU
		{F567E560-2B66-4A08-81F6-B7736BBA2E8B}.Development|Any CPU.Build.0 = Development|Any CPU
		{F567E560-2B66-4A08-81F6-B7736BBA2E8B}.Development|x86.ActiveCfg = Development|x86
		{F567E560-2B66-4A08-81F6-B7736BBA2E8B}.Development|x86.Build.0 = Development|x86
		{F567E560-2B66-4A08-81F6-B7736BBA2E8B}.Release|Any CPU.ActiveCfg = Release|Any CPU
		{F567E560-2B66-4A08-81F6-B7736BBA2E8B}.Release|Any CPU.Build.0 = Release|Any CPU
		{F567E560-2B66-4A08-81F6-B7736BBA2E8B}.Release|x86.ActiveCfg = Release|x86
		{F567E560-2B66-4A08-81F6-B7736BBA2E8B}.Release|x86.Build.0 = Release|x86
		{94CC7EE8-B459-44A3-912B-DD8B2C3030D0}.Debug|Any CPU.ActiveCfg = Debug|Any CPU
		{94CC7EE8-B459-44A3-912B-DD8B2C3030D0}.Debug|Any CPU.Build.0 = Debug|Any CPU
		{94CC7EE8-B459-44A3-912B-DD8B2C3030D0}.Debug|x86.ActiveCfg = Debug|x86
		{94CC7EE8-B459-44A3-912B-DD8B2C3030D0}.Debug|x86.Build.0 = Debug|x86
		{94CC7EE8-B459-44A3-912B-DD8B2C3030D0}.Development|Any CPU.ActiveCfg = Development|Any CPU
		{94CC7EE8-B459-44A3-912B-DD8B2C3030D0}.Development|Any CPU.Build.0 = Development|Any CPU
		{94CC7EE8-B459-44A3-912B-DD8B2C3030D0}.Development|x86.ActiveCfg = Development|x86
		{94CC7EE8-B459-44A3-912B-DD8B2C3030D0}.Development|x86.Build.0 = Development|x86
		{94CC7EE8-B459-44A3-912B-DD8B2C3030D0}.Release|Any CPU.ActiveCfg = Release|Any CPU
		{94CC7EE8-B459-44A3-912B-DD8B2C3030D0}.Release|Any CPU.Build.0 = Release|Any CPU
		{94CC7EE8-B459-44A3-912B-DD8B2C3030D0}.Release|x86.ActiveCfg = Release|x86
		{94CC7EE8-B459-44A3-912B-DD8B2C3030D0}.Release|x86.Build.0 = Release|x86
		{5E3252FF-ED40-4D15-B4FD-F3F9C14E4A39}.Debug|Any CPU.ActiveCfg = Debug|Any CPU
		{5E3252FF-ED40-4D15-B4FD-F3F9C14E4A39}.Debug|Any CPU.Build.0 = Debug|Any CPU
		{5E3252FF-ED40-4D15-B4FD-F3F9C14E4A39}.Debug|x86.ActiveCfg = Debug|Any CPU
		{5E3252FF-ED40-4D15-B4FD-F3F9C14E4A39}.Development|Any CPU.ActiveCfg = Development|Any CPU
		{5E3252FF-ED40-4D15-B4FD-F3F9C14E4A39}.Development|Any CPU.Build.0 = Development|Any CPU
		{5E3252FF-ED40-4D15-B4FD-F3F9C14E4A39}.Development|x86.ActiveCfg = Development|Any CPU
		{5E3252FF-ED40-4D15-B4FD-F3F9C14E4A39}.Release|Any CPU.ActiveCfg = Release|Any CPU
		{5E3252FF-ED40-4D15-B4FD-F3F9C14E4A39}.Release|Any CPU.Build.0 = Release|Any CPU
		{5E3252FF-ED40-4D15-B4FD-F3F9C14E4A39}.Release|x86.ActiveCfg = Release|Any CPU
		{A36D5007-5ECB-4C29-8B9B-C894D74E8850}.Debug|Any CPU.ActiveCfg = Debug|Any CPU
		{A36D5007-5ECB-4C29-8B9B-C894D74E8850}.Debug|Any CPU.Build.0 = Debug|Any CPU
		{A36D5007-5ECB-4C29-8B9B-C894D74E8850}.Debug|x86.ActiveCfg = Debug|Any CPU
		{A36D5007-5ECB-4C29-8B9B-C894D74E8850}.Development|Any CPU.ActiveCfg = Development|Any CPU
		{A36D5007-5ECB-4C29-8B9B-C894D74E8850}.Development|Any CPU.Build.0 = Development|Any CPU
		{A36D5007-5ECB-4C29-8B9B-C894D74E8850}.Development|x86.ActiveCfg = Development|Any CPU
		{A36D5007-5ECB-4C29-8B9B-C894D74E8850}.Release|Any CPU.ActiveCfg = Release|Any CPU
		{A36D5007-5ECB-4C29-8B9B-C894D74E8850}.Release|Any CPU.Build.0 = Release|Any CPU
		{A36D5007-5ECB-4C29-8B9B-C894D74E8850}.Release|x86.ActiveCfg = Release|Any CPU
		{BF5F18ED-A454-47AF-B3F5-CCCF44BA57A0}.Debug|Any CPU.ActiveCfg = Debug|Any CPU
		{BF5F18ED-A454-47AF-B3F5-CCCF44BA57A0}.Debug|Any CPU.Build.0 = Debug|Any CPU
		{BF5F18ED-A454-47AF-B3F5-CCCF44BA57A0}.Debug|x86.ActiveCfg = Debug|Any CPU
		{BF5F18ED-A454-47AF-B3F5-CCCF44BA57A0}.Development|Any CPU.ActiveCfg = Debug|Any CPU
		{BF5F18ED-A454-47AF-B3F5-CCCF44BA57A0}.Development|Any CPU.Build.0 = Debug|Any CPU
		{BF5F18ED-A454-47AF-B3F5-CCCF44BA57A0}.Development|x86.ActiveCfg = Debug|Any CPU
		{BF5F18ED-A454-47AF-B3F5-CCCF44BA57A0}.Release|Any CPU.ActiveCfg = Release|Any CPU
		{BF5F18ED-A454-47AF-B3F5-CCCF44BA57A0}.Release|Any CPU.Build.0 = Release|Any CPU
		{BF5F18ED-A454-47AF-B3F5-CCCF44BA57A0}.Release|x86.ActiveCfg = Release|Any CPU
	EndGlobalSection
	GlobalSection(SolutionProperties) = preSolution
		HideSolutionNode = FALSE
	EndGlobalSection
	GlobalSection(NestedProjects) = preSolution
		{1E78FE05-BEA4-491A-AD24-A3A7E3839049} = {6B0D4543-35B6-4316-A142-4415496A8955}
		{C4AF94D2-E5F5-4BE6-9D63-E2B017AAB94F} = {1E78FE05-BEA4-491A-AD24-A3A7E3839049}
		{70E3F456-7581-427B-9801-B2B313DC21C6} = {1E78FE05-BEA4-491A-AD24-A3A7E3839049}
	EndGlobalSection
	GlobalSection(Performance) = preSolution
		HasPerformanceSessions = true
	EndGlobalSection
EndGlobal
